
Microsoft Visual Studio Solution File, Format Version 12.00
# Visual Studio Version 16
VisualStudioVersion = 16.0.31005.135
MinimumVisualStudioVersion = 10.0.40219.1
Project("{FAE04EC0-301F-11D3-BF4B-00C04F79EFBC}") = "04_SQL04", "04_SQL04\04_SQL04.csproj", "{842A020C-5CB5-4743-A476-F888CC554E6A}"
EndProject
Global
	GlobalSection(SolutionConfigurationPlatforms) = preSolution
		Debug|Any CPU = Debug|Any CPU
		Release|Any CPU = Release|Any CPU
	EndGlobalSection
	GlobalSection(ProjectConfigurationPlatforms) = postSolution
		{842A020C-5CB5-4743-A476-F888CC554E6A}.Debug|Any CPU.ActiveCfg = Debug|Any CPU
		{842A020C-5CB5-4743-A476-F888CC554E6A}.Debug|Any CPU.Build.0 = Debug|Any CPU
		{842A020C-5CB5-4743-A476-F888CC554E6A}.Release|Any CPU.ActiveCfg = Release|Any CPU
		{842A020C-5CB5-4743-A476-F888CC554E6A}.Release|Any CPU.Build.0 = Release|Any CPU
	EndGlobalSection
	GlobalSection(SolutionProperties) = preSolution
		HideSolutionNode = FALSE
	EndGlobalSection
	GlobalSection(ExtensibilityGlobals) = postSolution
		SolutionGuid = {7C4A7456-F1BD-4471-B33A-46D28A3EC8FD}
	EndGlobalSection
EndGlobal
