
Microsoft Visual Studio Solution File, Format Version 12.00
# Visual Studio Version 16
VisualStudioVersion = 16.0.31005.135
MinimumVisualStudioVersion = 10.0.40219.1
Project("{FAE04EC0-301F-11D3-BF4B-00C04F79EFBC}") = "05_SQL05", "05_SQL05\05_SQL05.csproj", "{003185AE-FA4F-42EB-AEB1-A00E7BF508F4}"
EndProject
Global
	GlobalSection(SolutionConfigurationPlatforms) = preSolution
		Debug|Any CPU = Debug|Any CPU
		Release|Any CPU = Release|Any CPU
	EndGlobalSection
	GlobalSection(ProjectConfigurationPlatforms) = postSolution
		{003185AE-FA4F-42EB-AEB1-A00E7BF508F4}.Debug|Any CPU.ActiveCfg = Debug|Any CPU
		{003185AE-FA4F-42EB-AEB1-A00E7BF508F4}.Debug|Any CPU.Build.0 = Debug|Any CPU
		{003185AE-FA4F-42EB-AEB1-A00E7BF508F4}.Release|Any CPU.ActiveCfg = Release|Any CPU
		{003185AE-FA4F-42EB-AEB1-A00E7BF508F4}.Release|Any CPU.Build.0 = Release|Any CPU
	EndGlobalSection
	GlobalSection(SolutionProperties) = preSolution
		HideSolutionNode = FALSE
	EndGlobalSection
	GlobalSection(ExtensibilityGlobals) = postSolution
		SolutionGuid = {69391677-83A0-4CC3-B06A-ABED5DB026A5}
	EndGlobalSection
EndGlobal
