
Microsoft Visual Studio Solution File, Format Version 12.00
# Visual Studio Version 16
VisualStudioVersion = 16.0.31005.135
MinimumVisualStudioVersion = 10.0.40219.1
Project("{FAE04EC0-301F-11D3-BF4B-00C04F79EFBC}") = "07_SQL07", "07_SQL07\07_SQL07.csproj", "{5B57F947-F33B-4AE6-8997-99448A4579ED}"
EndProject
Global
	GlobalSection(SolutionConfigurationPlatforms) = preSolution
		Debug|Any CPU = Debug|Any CPU
		Release|Any CPU = Release|Any CPU
	EndGlobalSection
	GlobalSection(ProjectConfigurationPlatforms) = postSolution
		{5B57F947-F33B-4AE6-8997-99448A4579ED}.Debug|Any CPU.ActiveCfg = Debug|Any CPU
		{5B57F947-F33B-4AE6-8997-99448A4579ED}.Debug|Any CPU.Build.0 = Debug|Any CPU
		{5B57F947-F33B-4AE6-8997-99448A4579ED}.Release|Any CPU.ActiveCfg = Release|Any CPU
		{5B57F947-F33B-4AE6-8997-99448A4579ED}.Release|Any CPU.Build.0 = Release|Any CPU
	EndGlobalSection
	GlobalSection(SolutionProperties) = preSolution
		HideSolutionNode = FALSE
	EndGlobalSection
	GlobalSection(ExtensibilityGlobals) = postSolution
		SolutionGuid = {87229802-A1BD-4B78-A536-34A67E73640B}
	EndGlobalSection
EndGlobal
