
Microsoft Visual Studio Solution File, Format Version 12.00
# Visual Studio Version 16
VisualStudioVersion = 16.0.31005.135
MinimumVisualStudioVersion = 10.0.40219.1
Project("{FAE04EC0-301F-11D3-BF4B-00C04F79EFBC}") = "08_SQL08", "08_SQL08\08_SQL08.csproj", "{5D63C210-A07A-4CC5-AA40-B40CA1A06373}"
EndProject
Global
	GlobalSection(SolutionConfigurationPlatforms) = preSolution
		Debug|Any CPU = Debug|Any CPU
		Release|Any CPU = Release|Any CPU
	EndGlobalSection
	GlobalSection(ProjectConfigurationPlatforms) = postSolution
		{5D63C210-A07A-4CC5-AA40-B40CA1A06373}.Debug|Any CPU.ActiveCfg = Debug|Any CPU
		{5D63C210-A07A-4CC5-AA40-B40CA1A06373}.Debug|Any CPU.Build.0 = Debug|Any CPU
		{5D63C210-A07A-4CC5-AA40-B40CA1A06373}.Release|Any CPU.ActiveCfg = Release|Any CPU
		{5D63C210-A07A-4CC5-AA40-B40CA1A06373}.Release|Any CPU.Build.0 = Release|Any CPU
	EndGlobalSection
	GlobalSection(SolutionProperties) = preSolution
		HideSolutionNode = FALSE
	EndGlobalSection
	GlobalSection(ExtensibilityGlobals) = postSolution
		SolutionGuid = {2FF8AAB0-9520-410C-B271-F00E61C05FCD}
	EndGlobalSection
EndGlobal
