
Microsoft Visual Studio Solution File, Format Version 12.00
# Visual Studio Version 16
VisualStudioVersion = 16.0.29411.108
MinimumVisualStudioVersion = 10.0.40219.1
Project("{FAE04EC0-301F-11D3-BF4B-00C04F79EFBC}") = "01_SQL01", "01_SQL01\01_SQL01.csproj", "{027D4EE1-C138-4873-90B3-F0B10C800458}"
EndProject
Global
	GlobalSection(SolutionConfigurationPlatforms) = preSolution
		Debug|Any CPU = Debug|Any CPU
		Release|Any CPU = Release|Any CPU
	EndGlobalSection
	GlobalSection(ProjectConfigurationPlatforms) = postSolution
		{027D4EE1-C138-4873-90B3-F0B10C800458}.Debug|Any CPU.ActiveCfg = Debug|Any CPU
		{027D4EE1-C138-4873-90B3-F0B10C800458}.Debug|Any CPU.Build.0 = Debug|Any CPU
		{027D4EE1-C138-4873-90B3-F0B10C800458}.Release|Any CPU.ActiveCfg = Release|Any CPU
		{027D4EE1-C138-4873-90B3-F0B10C800458}.Release|Any CPU.Build.0 = Release|Any CPU
	EndGlobalSection
	GlobalSection(SolutionProperties) = preSolution
		HideSolutionNode = FALSE
	EndGlobalSection
	GlobalSection(ExtensibilityGlobals) = postSolution
		SolutionGuid = {AF3C1609-F3DD-4C14-8CEF-5B8206E58768}
	EndGlobalSection
EndGlobal
